
Microsoft Visual Studio Solution File, Format Version 12.00
# Visual Studio 15
VisualStudioVersion = 15.0.28307.1062
MinimumVisualStudioVersion = 10.0.40219.1
Project("{FAE04EC0-301F-11D3-BF4B-00C04F79EFBC}") = "nestCirelCal", "nestCirelCal\nestCirelCal.csproj", "{BE16324F-1B68-499D-9B66-F5B83834BB1F}"
EndProject
Global
	GlobalSection(SolutionConfigurationPlatforms) = preSolution
		Debug|Any CPU = Debug|Any CPU
		Release|Any CPU = Release|Any CPU
	EndGlobalSection
	GlobalSection(ProjectConfigurationPlatforms) = postSolution
		{BE16324F-1B68-499D-9B66-F5B83834BB1F}.Debug|Any CPU.ActiveCfg = Debug|Any CPU
		{BE16324F-1B68-499D-9B66-F5B83834BB1F}.Debug|Any CPU.Build.0 = Debug|Any CPU
		{BE16324F-1B68-499D-9B66-F5B83834BB1F}.Release|Any CPU.ActiveCfg = Release|Any CPU
		{BE16324F-1B68-499D-9B66-F5B83834BB1F}.Release|Any CPU.Build.0 = Release|Any CPU
	EndGlobalSection
	GlobalSection(SolutionProperties) = preSolution
		HideSolutionNode = FALSE
	EndGlobalSection
	GlobalSection(ExtensibilityGlobals) = postSolution
		SolutionGuid = {07119402-7460-4293-8ED3-9D88B02B4692}
	EndGlobalSection
EndGlobal
